
Microsoft Visual Studio Solution File, Format Version 12.00
# Visual Studio Version 17
VisualStudioVersion = 17.11.35327.3
MinimumVisualStudioVersion = 10.0.40219.1
Project("{FAE04EC0-301F-11D3-BF4B-00C04F79EFBC}") = "Onbo_Vishal.Server", "Onbo_Vishal.Server\Onbo_Vishal.Server.csproj", "{8E09B32E-40DF-4116-82C7-DE9BA2354337}"
EndProject
Project("{54A90642-561A-4BB1-A94E-469ADEE60C69}") = "onbo_vishal.client", "onbo_vishal.client\onbo_vishal.client.esproj", "{0F818891-399A-4661-AF4B-D04709503F47}"
EndProject
Global
	GlobalSection(SolutionConfigurationPlatforms) = preSolution
		Debug|Any CPU = Debug|Any CPU
		Release|Any CPU = Release|Any CPU
	EndGlobalSection
	GlobalSection(ProjectConfigurationPlatforms) = postSolution
		{8E09B32E-40DF-4116-82C7-DE9BA2354337}.Debug|Any CPU.ActiveCfg = Debug|Any CPU
		{8E09B32E-40DF-4116-82C7-DE9BA2354337}.Debug|Any CPU.Build.0 = Debug|Any CPU
		{8E09B32E-40DF-4116-82C7-DE9BA2354337}.Release|Any CPU.ActiveCfg = Release|Any CPU
		{8E09B32E-40DF-4116-82C7-DE9BA2354337}.Release|Any CPU.Build.0 = Release|Any CPU
		{0F818891-399A-4661-AF4B-D04709503F47}.Debug|Any CPU.ActiveCfg = Debug|Any CPU
		{0F818891-399A-4661-AF4B-D04709503F47}.Debug|Any CPU.Build.0 = Debug|Any CPU
		{0F818891-399A-4661-AF4B-D04709503F47}.Debug|Any CPU.Deploy.0 = Debug|Any CPU
		{0F818891-399A-4661-AF4B-D04709503F47}.Release|Any CPU.ActiveCfg = Release|Any CPU
		{0F818891-399A-4661-AF4B-D04709503F47}.Release|Any CPU.Build.0 = Release|Any CPU
		{0F818891-399A-4661-AF4B-D04709503F47}.Release|Any CPU.Deploy.0 = Release|Any CPU
	EndGlobalSection
	GlobalSection(SolutionProperties) = preSolution
		HideSolutionNode = FALSE
	EndGlobalSection
	GlobalSection(ExtensibilityGlobals) = postSolution
		SolutionGuid = {1B3A2AAF-D7D0-4953-B185-B8AC5228A2BB}
	EndGlobalSection
EndGlobal
